
Microsoft Visual Studio Solution File, Format Version 12.00
# Visual Studio Version 16
VisualStudioVersion = 16.0.30523.141
MinimumVisualStudioVersion = 10.0.40219.1
Project("{FAE04EC0-301F-11D3-BF4B-00C04F79EFBC}") = "API", "API\API.csproj", "{F6D53B99-7CCC-4E2E-8720-0D89EB6BD366}"
EndProject
Project("{FAE04EC0-301F-11D3-BF4B-00C04F79EFBC}") = "Servicos", "Servicos\Servicos.csproj", "{D1FBE6BF-4779-4955-90E0-F3CB6B043FAD}"
EndProject
Project("{FAE04EC0-301F-11D3-BF4B-00C04F79EFBC}") = "Entidades", "Entidades\Entidades.csproj", "{B163096C-9F1E-4325-B029-D762D8BBEF7E}"
EndProject
Project("{FAE04EC0-301F-11D3-BF4B-00C04F79EFBC}") = "Repositorios", "Repositorios\Repositorios.csproj", "{FCD9AB9B-9446-4C10-B760-118B1DD7D888}"
EndProject
Global
	GlobalSection(SolutionConfigurationPlatforms) = preSolution
		Debug|Any CPU = Debug|Any CPU
		Release|Any CPU = Release|Any CPU
	EndGlobalSection
	GlobalSection(ProjectConfigurationPlatforms) = postSolution
		{F6D53B99-7CCC-4E2E-8720-0D89EB6BD366}.Debug|Any CPU.ActiveCfg = Debug|Any CPU
		{F6D53B99-7CCC-4E2E-8720-0D89EB6BD366}.Debug|Any CPU.Build.0 = Debug|Any CPU
		{F6D53B99-7CCC-4E2E-8720-0D89EB6BD366}.Release|Any CPU.ActiveCfg = Release|Any CPU
		{F6D53B99-7CCC-4E2E-8720-0D89EB6BD366}.Release|Any CPU.Build.0 = Release|Any CPU
		{D1FBE6BF-4779-4955-90E0-F3CB6B043FAD}.Debug|Any CPU.ActiveCfg = Debug|Any CPU
		{D1FBE6BF-4779-4955-90E0-F3CB6B043FAD}.Debug|Any CPU.Build.0 = Debug|Any CPU
		{D1FBE6BF-4779-4955-90E0-F3CB6B043FAD}.Release|Any CPU.ActiveCfg = Release|Any CPU
		{D1FBE6BF-4779-4955-90E0-F3CB6B043FAD}.Release|Any CPU.Build.0 = Release|Any CPU
		{B163096C-9F1E-4325-B029-D762D8BBEF7E}.Debug|Any CPU.ActiveCfg = Debug|Any CPU
		{B163096C-9F1E-4325-B029-D762D8BBEF7E}.Debug|Any CPU.Build.0 = Debug|Any CPU
		{B163096C-9F1E-4325-B029-D762D8BBEF7E}.Release|Any CPU.ActiveCfg = Release|Any CPU
		{B163096C-9F1E-4325-B029-D762D8BBEF7E}.Release|Any CPU.Build.0 = Release|Any CPU
		{FCD9AB9B-9446-4C10-B760-118B1DD7D888}.Debug|Any CPU.ActiveCfg = Debug|Any CPU
		{FCD9AB9B-9446-4C10-B760-118B1DD7D888}.Debug|Any CPU.Build.0 = Debug|Any CPU
		{FCD9AB9B-9446-4C10-B760-118B1DD7D888}.Release|Any CPU.ActiveCfg = Release|Any CPU
		{FCD9AB9B-9446-4C10-B760-118B1DD7D888}.Release|Any CPU.Build.0 = Release|Any CPU
	EndGlobalSection
	GlobalSection(SolutionProperties) = preSolution
		HideSolutionNode = FALSE
	EndGlobalSection
	GlobalSection(ExtensibilityGlobals) = postSolution
		SolutionGuid = {2472A4CC-EDA3-4E20-A5C8-5CAC1FD38B84}
	EndGlobalSection
EndGlobal
